
Microsoft Visual Studio Solution File, Format Version 12.00
# Visual Studio 15
Project("{FAE04EC0-301F-11D3-BF4B-00C04F79EFBC}") = "Assembly-CSharp-firstpass", "Assembly-CSharp-firstpass.csproj", "{322E69AE-1C12-8746-A8F1-29C53BB7EA51}"
EndProject
Project("{FAE04EC0-301F-11D3-BF4B-00C04F79EFBC}") = "Assembly-CSharp", "Assembly-CSharp.csproj", "{5DBD98E3-1504-F897-7F18-01F0AE5610D6}"
EndProject
Project("{FAE04EC0-301F-11D3-BF4B-00C04F79EFBC}") = "Assembly-CSharp-Editor-firstpass", "Assembly-CSharp-Editor-firstpass.csproj", "{511A5358-8CD7-21A3-BA60-579B0BD892E2}"
EndProject
Global
	GlobalSection(SolutionConfigurationPlatforms) = preSolution
		Debug|Any CPU = Debug|Any CPU
		Release|Any CPU = Release|Any CPU
	EndGlobalSection
	GlobalSection(ProjectConfigurationPlatforms) = postSolution
		{322E69AE-1C12-8746-A8F1-29C53BB7EA51}.Debug|Any CPU.ActiveCfg = Debug|Any CPU
		{322E69AE-1C12-8746-A8F1-29C53BB7EA51}.Debug|Any CPU.Build.0 = Debug|Any CPU
		{322E69AE-1C12-8746-A8F1-29C53BB7EA51}.Release|Any CPU.ActiveCfg = Release|Any CPU
		{322E69AE-1C12-8746-A8F1-29C53BB7EA51}.Release|Any CPU.Build.0 = Release|Any CPU
		{5DBD98E3-1504-F897-7F18-01F0AE5610D6}.Debug|Any CPU.ActiveCfg = Debug|Any CPU
		{5DBD98E3-1504-F897-7F18-01F0AE5610D6}.Debug|Any CPU.Build.0 = Debug|Any CPU
		{5DBD98E3-1504-F897-7F18-01F0AE5610D6}.Release|Any CPU.ActiveCfg = Release|Any CPU
		{5DBD98E3-1504-F897-7F18-01F0AE5610D6}.Release|Any CPU.Build.0 = Release|Any CPU
		{511A5358-8CD7-21A3-BA60-579B0BD892E2}.Debug|Any CPU.ActiveCfg = Debug|Any CPU
		{511A5358-8CD7-21A3-BA60-579B0BD892E2}.Debug|Any CPU.Build.0 = Debug|Any CPU
		{511A5358-8CD7-21A3-BA60-579B0BD892E2}.Release|Any CPU.ActiveCfg = Release|Any CPU
		{511A5358-8CD7-21A3-BA60-579B0BD892E2}.Release|Any CPU.Build.0 = Release|Any CPU
	EndGlobalSection
	GlobalSection(SolutionProperties) = preSolution
		HideSolutionNode = FALSE
	EndGlobalSection
EndGlobal
